
Microsoft Visual Studio Solution File, Format Version 12.00
# Visual Studio Version 16
VisualStudioVersion = 16.0.29806.167
MinimumVisualStudioVersion = 10.0.40219.1
Project("{FAE04EC0-301F-11D3-BF4B-00C04F79EFBC}") = "ModelCreationNew", "ModelCreationNew\ModelCreationNew.csproj", "{8B773F28-BA3C-4A44-9501-9E32664D2A34}"
EndProject
Global
	GlobalSection(SolutionConfigurationPlatforms) = preSolution
		Debug|Any CPU = Debug|Any CPU
		Release|Any CPU = Release|Any CPU
	EndGlobalSection
	GlobalSection(ProjectConfigurationPlatforms) = postSolution
		{8B773F28-BA3C-4A44-9501-9E32664D2A34}.Debug|Any CPU.ActiveCfg = Debug|Any CPU
		{8B773F28-BA3C-4A44-9501-9E32664D2A34}.Debug|Any CPU.Build.0 = Debug|Any CPU
		{8B773F28-BA3C-4A44-9501-9E32664D2A34}.Release|Any CPU.ActiveCfg = Release|Any CPU
		{8B773F28-BA3C-4A44-9501-9E32664D2A34}.Release|Any CPU.Build.0 = Release|Any CPU
	EndGlobalSection
	GlobalSection(SolutionProperties) = preSolution
		HideSolutionNode = FALSE
	EndGlobalSection
	GlobalSection(ExtensibilityGlobals) = postSolution
		SolutionGuid = {5CA275A5-600A-4C37-B397-E2FA5B081F9E}
	EndGlobalSection
EndGlobal
